
Microsoft Visual Studio Solution File, Format Version 12.00
# Visual Studio Version 17
VisualStudioVersion = 17.1.32407.343
MinimumVisualStudioVersion = 10.0.40219.1
Project("{2150E333-8FDC-42A3-9474-1A3956D46DE8}") = "SingleResponsibilityApp", "SingleResponsibilityApp", "{7AC61AFB-251B-474B-97DF-73584264B71F}"
EndProject
Project("{9A19103F-16F7-4668-BE54-9A1E7A4F7556}") = "SingleResponsibilityExample", "SingleResponsibility\SingleResponsibilityExampleApp\SingleResponsibilityExample.csproj", "{3DCD0ED0-58BA-43AA-80A7-A4090D10E57B}"
EndProject
Project("{2150E333-8FDC-42A3-9474-1A3956D46DE8}") = "OpenClosePrincipalApp", "OpenClosePrincipalApp", "{51F9A5D7-DC0C-4381-A821-62C60E8D02F8}"
EndProject
Project("{9A19103F-16F7-4668-BE54-9A1E7A4F7556}") = "OpenColsePrincipal", "OpenColsePrincipalApp\OpenColsePrincipal\OpenColsePrincipal.csproj", "{0BF30875-6A38-43FF-96D7-3D60FDCA55B7}"
EndProject
Project("{2150E333-8FDC-42A3-9474-1A3956D46DE8}") = "LiskovSubstitutionPrincipalApp", "LiskovSubstitutionPrincipalApp", "{0CF9520F-862C-4981-8E35-9183939B98AA}"
EndProject
Project("{9A19103F-16F7-4668-BE54-9A1E7A4F7556}") = "LiskovSubstitutionPrincipal", "LiskovSubstitutionPrincipalApp\LiskovSubstitutionPrincipal\LiskovSubstitutionPrincipal.csproj", "{A349D476-3C09-4484-A32C-3A9ACE5C63AB}"
EndProject
Project("{2150E333-8FDC-42A3-9474-1A3956D46DE8}") = "InterfaceSegregationPrinciplApp", "InterfaceSegregationPrinciplApp", "{E20C5C9A-6C43-4EBE-A599-AD1194734D4D}"
EndProject
Project("{9A19103F-16F7-4668-BE54-9A1E7A4F7556}") = "InterfaceSegregationPrincipl", "InterfaceSegregationPrinciplApp\InterfaceSegregationPrincipl\InterfaceSegregationPrincipl.csproj", "{3BB25C0C-D7D0-4117-B8BD-7F7740388DC4}"
EndProject
Project("{2150E333-8FDC-42A3-9474-1A3956D46DE8}") = "BuilderPatternApp", "BuilderPatternApp", "{05E65CA9-C447-4140-9556-8F6F2D0C5D0D}"
EndProject
Project("{9A19103F-16F7-4668-BE54-9A1E7A4F7556}") = "BuilderPattern", "BuilderPatternApp\BuilderPattern\BuilderPattern.csproj", "{BB5B5F3D-1E00-4A4D-9D2B-0BF506BC1E54}"
EndProject
Project("{9A19103F-16F7-4668-BE54-9A1E7A4F7556}") = "FluentBuilderWithRecursivegeneric", "FluentBuilderWithRecursivegenericApp\FluentBuilderWithRecursivegeneric\FluentBuilderWithRecursivegeneric.csproj", "{756715B8-03BF-4D19-A474-0426A99CC2F7}"
EndProject
Project("{9A19103F-16F7-4668-BE54-9A1E7A4F7556}") = "FacetedBuilder", "BuilderPatternApp\FacetedBuilder\FacetedBuilder.csproj", "{045A00F2-FA9A-4A92-AEDA-6B39CA954D67}"
EndProject
Project("{2150E333-8FDC-42A3-9474-1A3956D46DE8}") = "FactoryPatternApp", "FactoryPatternApp", "{D69170B0-F0EB-4242-A040-8A5BA18CD8F1}"
EndProject
Project("{9A19103F-16F7-4668-BE54-9A1E7A4F7556}") = "FactoryMethodPattern", "FactoryPatternApp\FactoryMethodPattern\FactoryMethodPattern.csproj", "{23ADC31C-9F8C-4035-B97F-820A27EFDA9D}"
EndProject
Project("{9A19103F-16F7-4668-BE54-9A1E7A4F7556}") = "Factory", "FactoryPatternApp\Factory\Factory.csproj", "{52E8CCD5-1F45-4436-9439-64BCE10761AD}"
EndProject
Project("{9A19103F-16F7-4668-BE54-9A1E7A4F7556}") = "AbstractFactory", "FactoryPatternApp\AbstractFactory\AbstractFactory.csproj", "{4820A3D6-23FC-4DFC-9A0F-8CC94E901358}"
EndProject
Project("{2150E333-8FDC-42A3-9474-1A3956D46DE8}") = "VisitorPatternApp", "VisitorPatternApp", "{7948B74D-3758-4B0F-AABA-128005647C60}"
EndProject
Project("{FAE04EC0-301F-11D3-BF4B-00C04F79EFBC}") = "VisitorPatterExample", "VisitorPatterApp\VisitorPatterExample\VisitorPatterExample.csproj", "{D0CC6316-2971-4556-BA1C-7BD0FB37F61E}"
EndProject
Project("{2150E333-8FDC-42A3-9474-1A3956D46DE8}") = "ChinOfResponsibilityApp", "ChinOfResponsibilityApp", "{9526CE0A-73DE-4476-A86B-11C9FCD10E13}"
EndProject
Project("{FAE04EC0-301F-11D3-BF4B-00C04F79EFBC}") = "ChinOfResponsibilityExample", "ChinOfResponsibilityApp\ChinOfResponsibilityExample\ChinOfResponsibilityExample.csproj", "{AA5A99D9-ADF4-4F99-8A6A-C27826EA4B83}"
EndProject
Project("{FAE04EC0-301F-11D3-BF4B-00C04F79EFBC}") = "BetterChinOfResponsibilityExample", "ChinOfResponsibilityApp\BetterChinOfResponsibilityExample\BetterChinOfResponsibilityExample.csproj", "{57B43E40-9DCF-44F8-8A68-FA2B75D3BC2E}"
EndProject
Global
	GlobalSection(SolutionConfigurationPlatforms) = preSolution
		Debug|Any CPU = Debug|Any CPU
		Release|Any CPU = Release|Any CPU
	EndGlobalSection
	GlobalSection(ProjectConfigurationPlatforms) = postSolution
		{3DCD0ED0-58BA-43AA-80A7-A4090D10E57B}.Debug|Any CPU.ActiveCfg = Debug|Any CPU
		{3DCD0ED0-58BA-43AA-80A7-A4090D10E57B}.Debug|Any CPU.Build.0 = Debug|Any CPU
		{3DCD0ED0-58BA-43AA-80A7-A4090D10E57B}.Release|Any CPU.ActiveCfg = Release|Any CPU
		{3DCD0ED0-58BA-43AA-80A7-A4090D10E57B}.Release|Any CPU.Build.0 = Release|Any CPU
		{0BF30875-6A38-43FF-96D7-3D60FDCA55B7}.Debug|Any CPU.ActiveCfg = Debug|Any CPU
		{0BF30875-6A38-43FF-96D7-3D60FDCA55B7}.Debug|Any CPU.Build.0 = Debug|Any CPU
		{0BF30875-6A38-43FF-96D7-3D60FDCA55B7}.Release|Any CPU.ActiveCfg = Release|Any CPU
		{0BF30875-6A38-43FF-96D7-3D60FDCA55B7}.Release|Any CPU.Build.0 = Release|Any CPU
		{A349D476-3C09-4484-A32C-3A9ACE5C63AB}.Debug|Any CPU.ActiveCfg = Debug|Any CPU
		{A349D476-3C09-4484-A32C-3A9ACE5C63AB}.Debug|Any CPU.Build.0 = Debug|Any CPU
		{A349D476-3C09-4484-A32C-3A9ACE5C63AB}.Release|Any CPU.ActiveCfg = Release|Any CPU
		{A349D476-3C09-4484-A32C-3A9ACE5C63AB}.Release|Any CPU.Build.0 = Release|Any CPU
		{3BB25C0C-D7D0-4117-B8BD-7F7740388DC4}.Debug|Any CPU.ActiveCfg = Debug|Any CPU
		{3BB25C0C-D7D0-4117-B8BD-7F7740388DC4}.Debug|Any CPU.Build.0 = Debug|Any CPU
		{3BB25C0C-D7D0-4117-B8BD-7F7740388DC4}.Release|Any CPU.ActiveCfg = Release|Any CPU
		{3BB25C0C-D7D0-4117-B8BD-7F7740388DC4}.Release|Any CPU.Build.0 = Release|Any CPU
		{BB5B5F3D-1E00-4A4D-9D2B-0BF506BC1E54}.Debug|Any CPU.ActiveCfg = Debug|Any CPU
		{BB5B5F3D-1E00-4A4D-9D2B-0BF506BC1E54}.Debug|Any CPU.Build.0 = Debug|Any CPU
		{BB5B5F3D-1E00-4A4D-9D2B-0BF506BC1E54}.Release|Any CPU.ActiveCfg = Release|Any CPU
		{BB5B5F3D-1E00-4A4D-9D2B-0BF506BC1E54}.Release|Any CPU.Build.0 = Release|Any CPU
		{756715B8-03BF-4D19-A474-0426A99CC2F7}.Debug|Any CPU.ActiveCfg = Debug|Any CPU
		{756715B8-03BF-4D19-A474-0426A99CC2F7}.Debug|Any CPU.Build.0 = Debug|Any CPU
		{756715B8-03BF-4D19-A474-0426A99CC2F7}.Release|Any CPU.ActiveCfg = Release|Any CPU
		{756715B8-03BF-4D19-A474-0426A99CC2F7}.Release|Any CPU.Build.0 = Release|Any CPU
		{045A00F2-FA9A-4A92-AEDA-6B39CA954D67}.Debug|Any CPU.ActiveCfg = Debug|Any CPU
		{045A00F2-FA9A-4A92-AEDA-6B39CA954D67}.Debug|Any CPU.Build.0 = Debug|Any CPU
		{045A00F2-FA9A-4A92-AEDA-6B39CA954D67}.Release|Any CPU.ActiveCfg = Release|Any CPU
		{045A00F2-FA9A-4A92-AEDA-6B39CA954D67}.Release|Any CPU.Build.0 = Release|Any CPU
		{23ADC31C-9F8C-4035-B97F-820A27EFDA9D}.Debug|Any CPU.ActiveCfg = Debug|Any CPU
		{23ADC31C-9F8C-4035-B97F-820A27EFDA9D}.Debug|Any CPU.Build.0 = Debug|Any CPU
		{23ADC31C-9F8C-4035-B97F-820A27EFDA9D}.Release|Any CPU.ActiveCfg = Release|Any CPU
		{23ADC31C-9F8C-4035-B97F-820A27EFDA9D}.Release|Any CPU.Build.0 = Release|Any CPU
		{52E8CCD5-1F45-4436-9439-64BCE10761AD}.Debug|Any CPU.ActiveCfg = Debug|Any CPU
		{52E8CCD5-1F45-4436-9439-64BCE10761AD}.Debug|Any CPU.Build.0 = Debug|Any CPU
		{52E8CCD5-1F45-4436-9439-64BCE10761AD}.Release|Any CPU.ActiveCfg = Release|Any CPU
		{52E8CCD5-1F45-4436-9439-64BCE10761AD}.Release|Any CPU.Build.0 = Release|Any CPU
		{4820A3D6-23FC-4DFC-9A0F-8CC94E901358}.Debug|Any CPU.ActiveCfg = Debug|Any CPU
		{4820A3D6-23FC-4DFC-9A0F-8CC94E901358}.Debug|Any CPU.Build.0 = Debug|Any CPU
		{4820A3D6-23FC-4DFC-9A0F-8CC94E901358}.Release|Any CPU.ActiveCfg = Release|Any CPU
		{4820A3D6-23FC-4DFC-9A0F-8CC94E901358}.Release|Any CPU.Build.0 = Release|Any CPU
		{D0CC6316-2971-4556-BA1C-7BD0FB37F61E}.Debug|Any CPU.ActiveCfg = Debug|Any CPU
		{D0CC6316-2971-4556-BA1C-7BD0FB37F61E}.Debug|Any CPU.Build.0 = Debug|Any CPU
		{D0CC6316-2971-4556-BA1C-7BD0FB37F61E}.Release|Any CPU.ActiveCfg = Release|Any CPU
		{D0CC6316-2971-4556-BA1C-7BD0FB37F61E}.Release|Any CPU.Build.0 = Release|Any CPU
		{AA5A99D9-ADF4-4F99-8A6A-C27826EA4B83}.Debug|Any CPU.ActiveCfg = Debug|Any CPU
		{AA5A99D9-ADF4-4F99-8A6A-C27826EA4B83}.Debug|Any CPU.Build.0 = Debug|Any CPU
		{AA5A99D9-ADF4-4F99-8A6A-C27826EA4B83}.Release|Any CPU.ActiveCfg = Release|Any CPU
		{AA5A99D9-ADF4-4F99-8A6A-C27826EA4B83}.Release|Any CPU.Build.0 = Release|Any CPU
		{57B43E40-9DCF-44F8-8A68-FA2B75D3BC2E}.Debug|Any CPU.ActiveCfg = Debug|Any CPU
		{57B43E40-9DCF-44F8-8A68-FA2B75D3BC2E}.Debug|Any CPU.Build.0 = Debug|Any CPU
		{57B43E40-9DCF-44F8-8A68-FA2B75D3BC2E}.Release|Any CPU.ActiveCfg = Release|Any CPU
		{57B43E40-9DCF-44F8-8A68-FA2B75D3BC2E}.Release|Any CPU.Build.0 = Release|Any CPU
	EndGlobalSection
	GlobalSection(SolutionProperties) = preSolution
		HideSolutionNode = FALSE
	EndGlobalSection
	GlobalSection(NestedProjects) = preSolution
		{3DCD0ED0-58BA-43AA-80A7-A4090D10E57B} = {7AC61AFB-251B-474B-97DF-73584264B71F}
		{0BF30875-6A38-43FF-96D7-3D60FDCA55B7} = {51F9A5D7-DC0C-4381-A821-62C60E8D02F8}
		{A349D476-3C09-4484-A32C-3A9ACE5C63AB} = {0CF9520F-862C-4981-8E35-9183939B98AA}
		{3BB25C0C-D7D0-4117-B8BD-7F7740388DC4} = {E20C5C9A-6C43-4EBE-A599-AD1194734D4D}
		{BB5B5F3D-1E00-4A4D-9D2B-0BF506BC1E54} = {05E65CA9-C447-4140-9556-8F6F2D0C5D0D}
		{756715B8-03BF-4D19-A474-0426A99CC2F7} = {05E65CA9-C447-4140-9556-8F6F2D0C5D0D}
		{045A00F2-FA9A-4A92-AEDA-6B39CA954D67} = {05E65CA9-C447-4140-9556-8F6F2D0C5D0D}
		{23ADC31C-9F8C-4035-B97F-820A27EFDA9D} = {D69170B0-F0EB-4242-A040-8A5BA18CD8F1}
		{52E8CCD5-1F45-4436-9439-64BCE10761AD} = {D69170B0-F0EB-4242-A040-8A5BA18CD8F1}
		{4820A3D6-23FC-4DFC-9A0F-8CC94E901358} = {D69170B0-F0EB-4242-A040-8A5BA18CD8F1}
		{D0CC6316-2971-4556-BA1C-7BD0FB37F61E} = {7948B74D-3758-4B0F-AABA-128005647C60}
		{AA5A99D9-ADF4-4F99-8A6A-C27826EA4B83} = {9526CE0A-73DE-4476-A86B-11C9FCD10E13}
		{57B43E40-9DCF-44F8-8A68-FA2B75D3BC2E} = {9526CE0A-73DE-4476-A86B-11C9FCD10E13}
	EndGlobalSection
	GlobalSection(ExtensibilityGlobals) = postSolution
		SolutionGuid = {A3A4DC76-4245-4ED5-8685-A41F5D9A51C2}
	EndGlobalSection
EndGlobal
